{
  "name": "nodejs-training",
  "version": "1.0.0",
  "lockfileVersion": 1,
  "requires": true,
  "dependencies": {
    "cryptr": {
      "version": "4.0.0",
      "resolved": "https://registry.npmjs.org/cryptr/-/cryptr-4.0.0.tgz",
      "integrity": "sha512-5VMafoOA6thNyF17yx0UJZTAALvkfV6QlBfo+DTnWEv1KvnDU3J4xBLGroO5Q/hiPCHQ5HrNGtN5JJBStokJ5Q=="
    }
  }
}
